
Microsoft Visual Studio Solution File, Format Version 12.00
# Visual Studio Version 17
VisualStudioVersion = 17.9.34723.18
MinimumVisualStudioVersion = 10.0.40219.1
Project("{FAE04EC0-301F-11D3-BF4B-00C04F79EFBC}") = "MonthlyClaimManager", "MonthlyClaimManager\MonthlyClaimManager.csproj", "{37A17870-752D-415A-A4FA-B296F6864BCB}"
EndProject
Global
	GlobalSection(SolutionConfigurationPlatforms) = preSolution
		Debug|Any CPU = Debug|Any CPU
		Release|Any CPU = Release|Any CPU
	EndGlobalSection
	GlobalSection(ProjectConfigurationPlatforms) = postSolution
		{37A17870-752D-415A-A4FA-B296F6864BCB}.Debug|Any CPU.ActiveCfg = Debug|Any CPU
		{37A17870-752D-415A-A4FA-B296F6864BCB}.Debug|Any CPU.Build.0 = Debug|Any CPU
		{37A17870-752D-415A-A4FA-B296F6864BCB}.Release|Any CPU.ActiveCfg = Release|Any CPU
		{37A17870-752D-415A-A4FA-B296F6864BCB}.Release|Any CPU.Build.0 = Release|Any CPU
	EndGlobalSection
	GlobalSection(SolutionProperties) = preSolution
		HideSolutionNode = FALSE
	EndGlobalSection
	GlobalSection(ExtensibilityGlobals) = postSolution
		SolutionGuid = {29823BB4-871F-4217-A621-981830787C01}
	EndGlobalSection
EndGlobal
